
Microsoft Visual Studio Solution File, Format Version 12.00
# Visual Studio Version 16
VisualStudioVersion = 16.0.30611.23
MinimumVisualStudioVersion = 10.0.40219.1
Project("{9A19103F-16F7-4668-BE54-9A1E7A4F7556}") = "Blog application", "Leave application\Blog application.csproj", "{B9664180-2695-4401-8D96-B4C4ABF5524F}"
EndProject
Project("{9A19103F-16F7-4668-BE54-9A1E7A4F7556}") = "BlogApp.Dal", "LeaveApp.Dal\BlogApp.Dal.csproj", "{66AFEFB3-7A28-4BC0-AEC6-2FC72C201AC4}"
EndProject
Global
	GlobalSection(SolutionConfigurationPlatforms) = preSolution
		Debug|Any CPU = Debug|Any CPU
		Release|Any CPU = Release|Any CPU
	EndGlobalSection
	GlobalSection(ProjectConfigurationPlatforms) = postSolution
		{B9664180-2695-4401-8D96-B4C4ABF5524F}.Debug|Any CPU.ActiveCfg = Debug|Any CPU
		{B9664180-2695-4401-8D96-B4C4ABF5524F}.Debug|Any CPU.Build.0 = Debug|Any CPU
		{B9664180-2695-4401-8D96-B4C4ABF5524F}.Release|Any CPU.ActiveCfg = Release|Any CPU
		{B9664180-2695-4401-8D96-B4C4ABF5524F}.Release|Any CPU.Build.0 = Release|Any CPU
		{66AFEFB3-7A28-4BC0-AEC6-2FC72C201AC4}.Debug|Any CPU.ActiveCfg = Debug|Any CPU
		{66AFEFB3-7A28-4BC0-AEC6-2FC72C201AC4}.Debug|Any CPU.Build.0 = Debug|Any CPU
		{66AFEFB3-7A28-4BC0-AEC6-2FC72C201AC4}.Release|Any CPU.ActiveCfg = Release|Any CPU
		{66AFEFB3-7A28-4BC0-AEC6-2FC72C201AC4}.Release|Any CPU.Build.0 = Release|Any CPU
	EndGlobalSection
	GlobalSection(SolutionProperties) = preSolution
		HideSolutionNode = FALSE
	EndGlobalSection
	GlobalSection(ExtensibilityGlobals) = postSolution
		SolutionGuid = {D98CAB7B-93E7-431D-BC6E-D4CE2CD19875}
	EndGlobalSection
EndGlobal
